lockfile_version: '1'
generated_at: '2026-08-29T19:38:39.847366+00:00'
apm_version: 0.28.0
dependencies: []
deployments:
- kind: project-relative
  target: agents
  value: .agents/skills/lessig-presentations
  runtime: null
  scope: project
  owners:
  - .
  active_owner: .
  content_hash: null
- kind: project-relative
  target: agents
  value: .agents/skills/lessig-presentations/SKILL.md
  runtime: null
  scope: project
  owners:
  - .
  active_owner: .
  content_hash: sha256:a003539c87a1ee6df08e0a18b79f72dda8327ec8b907b83de3d708e2d2a4f536
- kind: project-relative
  target: agents
  value: .agents/skills/lessig-presentations/agents/openai.yaml
  runtime: null
  scope: project
  owners:
  - .
  active_owner: .
  content_hash: sha256:cf1a14522fd2f2292e54fc3a77edbc5f5731ee1735f9fba4ce90a3d4f12d7a25
local_deployed_files:
- .agents/skills/lessig-presentations
- .agents/skills/lessig-presentations/SKILL.md
- .agents/skills/lessig-presentations/agents/openai.yaml
local_deployed_file_hashes:
  .agents/skills/lessig-presentations/SKILL.md: sha256:a003539c87a1ee6df08e0a18b79f72dda8327ec8b907b83de3d708e2d2a4f536
  .agents/skills/lessig-presentations/agents/openai.yaml: sha256:cf1a14522fd2f2292e54fc3a77edbc5f5731ee1735f9fba4ce90a3d4f12d7a25
